
Microsoft Visual Studio Solution File, Format Version 12.00
# Visual Studio Version 17
VisualStudioVersion = 17.1.32319.34
MinimumVisualStudioVersion = 10.0.40219.1
Project("{9A19103F-16F7-4668-BE54-9A1E7A4F7556}") = "Shopping.Client", "Shopping.Client\Shopping.Client.csproj", "{A3B93A41-FC93-4C83-B7EB-BE8D8153210D}"
EndProject
Project("{9A19103F-16F7-4668-BE54-9A1E7A4F7556}") = "Shopping.API", "Shopping.API\Shopping.API.csproj", "{908F53E0-1687-4146-B210-A9B301365AC9}"
EndProject
Project("{E53339B2-1760-4266-BCC7-CA923CBCF16C}") = "docker-compose", "docker-compose.dcproj", "{D4627306-F0A5-4B23-A615-BFB59C678190}"
EndProject
Global
	GlobalSection(SolutionConfigurationPlatforms) = preSolution
		Debug|Any CPU = Debug|Any CPU
		Release|Any CPU = Release|Any CPU
	EndGlobalSection
	GlobalSection(ProjectConfigurationPlatforms) = postSolution
		{A3B93A41-FC93-4C83-B7EB-BE8D8153210D}.Debug|Any CPU.ActiveCfg = Debug|Any CPU
		{A3B93A41-FC93-4C83-B7EB-BE8D8153210D}.Debug|Any CPU.Build.0 = Debug|Any CPU
		{A3B93A41-FC93-4C83-B7EB-BE8D8153210D}.Release|Any CPU.ActiveCfg = Release|Any CPU
		{A3B93A41-FC93-4C83-B7EB-BE8D8153210D}.Release|Any CPU.Build.0 = Release|Any CPU
		{908F53E0-1687-4146-B210-A9B301365AC9}.Debug|Any CPU.ActiveCfg = Debug|Any CPU
		{908F53E0-1687-4146-B210-A9B301365AC9}.Debug|Any CPU.Build.0 = Debug|Any CPU
		{908F53E0-1687-4146-B210-A9B301365AC9}.Release|Any CPU.ActiveCfg = Release|Any CPU
		{908F53E0-1687-4146-B210-A9B301365AC9}.Release|Any CPU.Build.0 = Release|Any CPU
		{D4627306-F0A5-4B23-A615-BFB59C678190}.Debug|Any CPU.ActiveCfg = Debug|Any CPU
		{D4627306-F0A5-4B23-A615-BFB59C678190}.Debug|Any CPU.Build.0 = Debug|Any CPU
		{D4627306-F0A5-4B23-A615-BFB59C678190}.Release|Any CPU.ActiveCfg = Release|Any CPU
		{D4627306-F0A5-4B23-A615-BFB59C678190}.Release|Any CPU.Build.0 = Release|Any CPU
	EndGlobalSection
	GlobalSection(SolutionProperties) = preSolution
		HideSolutionNode = FALSE
	EndGlobalSection
	GlobalSection(ExtensibilityGlobals) = postSolution
		SolutionGuid = {F82D358B-BF43-48F1-8F6F-D117E77E06D8}
	EndGlobalSection
EndGlobal
